
Microsoft Visual Studio Solution File, Format Version 12.00
# Visual Studio Version 16
VisualStudioVersion = 16.0.32413.511
MinimumVisualStudioVersion = 10.0.40219.1
Project("{FAE04EC0-301F-11D3-BF4B-00C04F79EFBC}") = "CalcularFrete-5TAV", "CalcularFrete-5TAV\CalcularFrete-5TAV.csproj", "{182D3175-48FB-4BEC-8060-F505A55052DC}"
EndProject
Project("{FAE04EC0-301F-11D3-BF4B-00C04F79EFBC}") = "TestCalcularFrete", "TestCalcularFrete\TestCalcularFrete.csproj", "{3F7DF747-101D-40D2-A676-7A65D68B9F1A}"
EndProject
Global
	GlobalSection(SolutionConfigurationPlatforms) = preSolution
		Debug|Any CPU = Debug|Any CPU
		Release|Any CPU = Release|Any CPU
	EndGlobalSection
	GlobalSection(ProjectConfigurationPlatforms) = postSolution
		{182D3175-48FB-4BEC-8060-F505A55052DC}.Debug|Any CPU.ActiveCfg = Debug|Any CPU
		{182D3175-48FB-4BEC-8060-F505A55052DC}.Debug|Any CPU.Build.0 = Debug|Any CPU
		{182D3175-48FB-4BEC-8060-F505A55052DC}.Release|Any CPU.ActiveCfg = Release|Any CPU
		{182D3175-48FB-4BEC-8060-F505A55052DC}.Release|Any CPU.Build.0 = Release|Any CPU
		{3F7DF747-101D-40D2-A676-7A65D68B9F1A}.Debug|Any CPU.ActiveCfg = Debug|Any CPU
		{3F7DF747-101D-40D2-A676-7A65D68B9F1A}.Debug|Any CPU.Build.0 = Debug|Any CPU
		{3F7DF747-101D-40D2-A676-7A65D68B9F1A}.Release|Any CPU.ActiveCfg = Release|Any CPU
		{3F7DF747-101D-40D2-A676-7A65D68B9F1A}.Release|Any CPU.Build.0 = Release|Any CPU
	EndGlobalSection
	GlobalSection(SolutionProperties) = preSolution
		HideSolutionNode = FALSE
	EndGlobalSection
	GlobalSection(ExtensibilityGlobals) = postSolution
		SolutionGuid = {ECF78434-CC7B-4F8D-AA22-5F8E1215AA41}
	EndGlobalSection
EndGlobal
