
Microsoft Visual Studio Solution File, Format Version 12.00
# Visual Studio Version 16
VisualStudioVersion = 16.0.32228.343
MinimumVisualStudioVersion = 10.0.40219.1
Project("{FAE04EC0-301F-11D3-BF4B-00C04F79EFBC}") = "HotelJuanApp.Api", "HotelJuanapp\HotelJuanApp.Api.csproj", "{75186549-3812-47F0-B9F1-BCC36A820E4C}"
EndProject
Project("{FAE04EC0-301F-11D3-BF4B-00C04F79EFBC}") = "HotelJuanApp.Application", "HotelJuanApp.Aplication\HotelJuanApp.Application.csproj", "{7D1BAB32-4451-458C-AD58-7391B6EA6B6D}"
EndProject
Project("{FAE04EC0-301F-11D3-BF4B-00C04F79EFBC}") = "HotelJuanApp.Domain", "HotelJuanApp.Domain\HotelJuanApp.Domain.csproj", "{0595119C-E39F-4A3C-889F-96C6C3CF4A0B}"
EndProject
Project("{FAE04EC0-301F-11D3-BF4B-00C04F79EFBC}") = "HotelJuanApp.Infra.CrossCutting", "HotelJuanApp.Infra.CrossCutting\HotelJuanApp.Infra.CrossCutting.csproj", "{3D4A8EAE-965F-44B5-94AD-8E7FD4E6A822}"
EndProject
Project("{FAE04EC0-301F-11D3-BF4B-00C04F79EFBC}") = "HotelJuanApp.Infra.Data", "HotelJuanApp.Infra.Data\HotelJuanApp.Infra.Data.csproj", "{B138FB0D-3A13-4B5A-A20B-14725F86DFF2}"
EndProject
Project("{FAE04EC0-301F-11D3-BF4B-00C04F79EFBC}") = "HotelJuanApp.Test", "HotelJuanApp.Test\HotelJuanApp.Test.csproj", "{CBCD1FC4-8104-494E-829D-6CB5471CE9A0}"
EndProject
Global
	GlobalSection(SolutionConfigurationPlatforms) = preSolution
		Debug|Any CPU = Debug|Any CPU
		Release|Any CPU = Release|Any CPU
	EndGlobalSection
	GlobalSection(ProjectConfigurationPlatforms) = postSolution
		{75186549-3812-47F0-B9F1-BCC36A820E4C}.Debug|Any CPU.ActiveCfg = Debug|Any CPU
		{75186549-3812-47F0-B9F1-BCC36A820E4C}.Debug|Any CPU.Build.0 = Debug|Any CPU
		{75186549-3812-47F0-B9F1-BCC36A820E4C}.Release|Any CPU.ActiveCfg = Release|Any CPU
		{75186549-3812-47F0-B9F1-BCC36A820E4C}.Release|Any CPU.Build.0 = Release|Any CPU
		{7D1BAB32-4451-458C-AD58-7391B6EA6B6D}.Debug|Any CPU.ActiveCfg = Debug|Any CPU
		{7D1BAB32-4451-458C-AD58-7391B6EA6B6D}.Debug|Any CPU.Build.0 = Debug|Any CPU
		{7D1BAB32-4451-458C-AD58-7391B6EA6B6D}.Release|Any CPU.ActiveCfg = Release|Any CPU
		{7D1BAB32-4451-458C-AD58-7391B6EA6B6D}.Release|Any CPU.Build.0 = Release|Any CPU
		{0595119C-E39F-4A3C-889F-96C6C3CF4A0B}.Debug|Any CPU.ActiveCfg = Debug|Any CPU
		{0595119C-E39F-4A3C-889F-96C6C3CF4A0B}.Debug|Any CPU.Build.0 = Debug|Any CPU
		{0595119C-E39F-4A3C-889F-96C6C3CF4A0B}.Release|Any CPU.ActiveCfg = Release|Any CPU
		{0595119C-E39F-4A3C-889F-96C6C3CF4A0B}.Release|Any CPU.Build.0 = Release|Any CPU
		{3D4A8EAE-965F-44B5-94AD-8E7FD4E6A822}.Debug|Any CPU.ActiveCfg = Debug|Any CPU
		{3D4A8EAE-965F-44B5-94AD-8E7FD4E6A822}.Debug|Any CPU.Build.0 = Debug|Any CPU
		{3D4A8EAE-965F-44B5-94AD-8E7FD4E6A822}.Release|Any CPU.ActiveCfg = Release|Any CPU
		{3D4A8EAE-965F-44B5-94AD-8E7FD4E6A822}.Release|Any CPU.Build.0 = Release|Any CPU
		{B138FB0D-3A13-4B5A-A20B-14725F86DFF2}.Debug|Any CPU.ActiveCfg = Debug|Any CPU
		{B138FB0D-3A13-4B5A-A20B-14725F86DFF2}.Debug|Any CPU.Build.0 = Debug|Any CPU
		{B138FB0D-3A13-4B5A-A20B-14725F86DFF2}.Release|Any CPU.ActiveCfg = Release|Any CPU
		{B138FB0D-3A13-4B5A-A20B-14725F86DFF2}.Release|Any CPU.Build.0 = Release|Any CPU
		{CBCD1FC4-8104-494E-829D-6CB5471CE9A0}.Debug|Any CPU.ActiveCfg = Debug|Any CPU
		{CBCD1FC4-8104-494E-829D-6CB5471CE9A0}.Debug|Any CPU.Build.0 = Debug|Any CPU
		{CBCD1FC4-8104-494E-829D-6CB5471CE9A0}.Release|Any CPU.ActiveCfg = Release|Any CPU
		{CBCD1FC4-8104-494E-829D-6CB5471CE9A0}.Release|Any CPU.Build.0 = Release|Any CPU
	EndGlobalSection
	GlobalSection(SolutionProperties) = preSolution
		HideSolutionNode = FALSE
	EndGlobalSection
	GlobalSection(ExtensibilityGlobals) = postSolution
		SolutionGuid = {EEAB36D5-B3F0-406E-B1F1-56B980B27F4A}
	EndGlobalSection
EndGlobal
